// !$*UTF8*$!
{
	archiveVersion = 1;
	classes = {
	};
	objectVersion = 51;
	objects = {

/* Begin PBXBuildFile section */
		3C8F2E32D30CF63ACD2A7396 /* Pods_NuveiCashierCardScannerExample.framework in Frameworks */ = {isa = PBXBuildFile; fileRef = 3161A010B1C2CDF85158BA79 /* Pods_NuveiCashierCardScannerExample.framework */; };
		718D7DDF2515EF1C00A838F5 /* AppDelegate.swift in Sources */ = {isa = PBXBuildFile; fileRef = 718D7DDE2515EF1C00A838F5 /* AppDelegate.swift */; };
		718D7DE52515EF1F00A838F5 /* Assets.xcassets in Resources */ = {isa = PBXBuildFile; fileRef = 718D7DE42515EF1F00A838F5 /* Assets.xcassets */; };
		718D7DEB2515EF1F00A838F5 /* LaunchScreen.storyboard in Resources */ = {isa = PBXBuildFile; fileRef = 718D7DE92515EF1F00A838F5 /* LaunchScreen.storyboard */; };
		F54579DA2526388600F2FC0C /* Main.storyboard in Resources */ = {isa = PBXBuildFile; fileRef = F54579D92526388600F2FC0C /* Main.storyboard */; };
		F54579DE252638A300F2FC0C /* ViewController.swift in Sources */ = {isa = PBXBuildFile; fileRef = F54579DB252638A300F2FC0C /* ViewController.swift */; };
		F54579DF252638A300F2FC0C /* WebViewController.swift in Sources */ = {isa = PBXBuildFile; fileRef = F54579DC252638A300F2FC0C /* WebViewController.swift */; };
		F54579E22526861900F2FC0C /* WebKit.framework in Frameworks */ = {isa = PBXBuildFile; fileRef = F54579E12526861900F2FC0C /* WebKit.framework */; };
		F5FF94092529FDC700AF792C /* GoogleService-Info.plist in Resources */ = {isa = PBXBuildFile; fileRef = F5FF94082529FDC700AF792C /* GoogleService-Info.plist */; };
/* End PBXBuildFile section */

/* Begin PBXFileReference section */
		11E0012633965256FF626B0E /* Pods-NuveiCashierCardScannerExample.release.xcconfig */ = {isa = PBXFileReference; includeInIndex = 1; lastKnownFileType = text.xcconfig; name = "Pods-NuveiCashierCardScannerExample.release.xcconfig"; path = "Target Support Files/Pods-NuveiCashierCardScannerExample/Pods-NuveiCashierCardScannerExample.release.xcconfig"; sourceTree = "<group>"; };
		3161A010B1C2CDF85158BA79 /* Pods_NuveiCashierCardScannerExample.framework */ = {isa = PBXFileReference; explicitFileType = wrapper.framework; includeInIndex = 0; path = Pods_NuveiCashierCardScannerExample.framework; sourceTree = BUILT_PRODUCTS_DIR; };
		5AE0B5D1824B6D072F840F68 /* Pods-NuveiCashierCardScannerExample.debug.xcconfig */ = {isa = PBXFileReference; includeInIndex = 1; lastKnownFileType = text.xcconfig; name = "Pods-NuveiCashierCardScannerExample.debug.xcconfig"; path = "Target Support Files/Pods-NuveiCashierCardScannerExample/Pods-NuveiCashierCardScannerExample.debug.xcconfig"; sourceTree = "<group>"; };
		718D7DDB2515EF1C00A838F5 /* NuveiCashierCardScannerExample.app */ = {isa = PBXFileReference; explicitFileType = wrapper.application; includeInIndex = 0; path = NuveiCashierCardScannerExample.app; sourceTree = BUILT_PRODUCTS_DIR; };
		718D7DDE2515EF1C00A838F5 /* AppDelegate.swift */ = {isa = PBXFileReference; lastKnownFileType = sourcecode.swift; path = AppDelegate.swift; sourceTree = "<group>"; };
		718D7DE42515EF1F00A838F5 /* Assets.xcassets */ = {isa = PBXFileReference; lastKnownFileType = folder.assetcatalog; path = Assets.xcassets; sourceTree = "<group>"; };
		718D7DEA2515EF1F00A838F5 /* Base */ = {isa = PBXFileReference; lastKnownFileType = file.storyboard; name = Base; path = Base.lproj/LaunchScreen.storyboard; sourceTree = "<group>"; };
		718D7DEC2515EF1F00A838F5 /* Info.plist */ = {isa = PBXFileReference; lastKnownFileType = text.plist.xml; path = Info.plist; sourceTree = "<group>"; };
		F54579D92526388600F2FC0C /* Main.storyboard */ = {isa = PBXFileReference; fileEncoding = 4; lastKnownFileType = file.storyboard; path = Main.storyboard; sourceTree = "<group>"; };
		F54579DB252638A300F2FC0C /* ViewController.swift */ = {isa = PBXFileReference; fileEncoding = 4; lastKnownFileType = sourcecode.swift; path = ViewController.swift; sourceTree = "<group>"; };
		F54579DC252638A300F2FC0C /* WebViewController.swift */ = {isa = PBXFileReference; fileEncoding = 4; lastKnownFileType = sourcecode.swift; path = WebViewController.swift; sourceTree = "<group>"; };
		F54579E12526861900F2FC0C /* WebKit.framework */ = {isa = PBXFileReference; lastKnownFileType = wrapper.framework; name = WebKit.framework; path = System/Library/Frameworks/WebKit.framework; sourceTree = SDKROOT; };
		F5FF94082529FDC700AF792C /* GoogleService-Info.plist */ = {isa = PBXFileReference; fileEncoding = 4; lastKnownFileType = text.plist.xml; path = "GoogleService-Info.plist"; sourceTree = "<group>"; };
/* End PBXFileReference section */

/* Begin PBXFrameworksBuildPhase section */
		718D7DD82515EF1C00A838F5 /* Frameworks */ = {
			isa = PBXFrameworksBuildPhase;
			buildActionMask = 2147483647;
			files = (
				F54579E22526861900F2FC0C /* WebKit.framework in Frameworks */,
				3C8F2E32D30CF63ACD2A7396 /* Pods_NuveiCashierCardScannerExample.framework in Frameworks */,
			);
			runOnlyForDeploymentPostprocessing = 0;
		};
/* End PBXFrameworksBuildPhase section */

/* Begin PBXGroup section */
		32A43EE50C5480E6DD5D9B14 /* Frameworks */ = {
			isa = PBXGroup;
			children = (
				F54579E12526861900F2FC0C /* WebKit.framework */,
				3161A010B1C2CDF85158BA79 /* Pods_NuveiCashierCardScannerExample.framework */,
			);
			name = Frameworks;
			sourceTree = "<group>";
		};
		718D7DD22515EF1C00A838F5 = {
			isa = PBXGroup;
			children = (
				718D7DDD2515EF1C00A838F5 /* NuveiCashierCardScannerExample */,
				718D7DDC2515EF1C00A838F5 /* Products */,
				85BE966BC2E13C115E8875BF /* Pods */,
				32A43EE50C5480E6DD5D9B14 /* Frameworks */,
			);
			sourceTree = "<group>";
		};
		718D7DDC2515EF1C00A838F5 /* Products */ = {
			isa = PBXGroup;
			children = (
				718D7DDB2515EF1C00A838F5 /* NuveiCashierCardScannerExample.app */,
			);
			name = Products;
			sourceTree = "<group>";
		};
		718D7DDD2515EF1C00A838F5 /* NuveiCashierCardScannerExample */ = {
			isa = PBXGroup;
			children = (
				718D7DDE2515EF1C00A838F5 /* AppDelegate.swift */,
				F54579DB252638A300F2FC0C /* ViewController.swift */,
				F54579DC252638A300F2FC0C /* WebViewController.swift */,
				718D7DE42515EF1F00A838F5 /* Assets.xcassets */,
				718D7DE92515EF1F00A838F5 /* LaunchScreen.storyboard */,
				F54579D92526388600F2FC0C /* Main.storyboard */,
				718D7DEC2515EF1F00A838F5 /* Info.plist */,
				F5FF94082529FDC700AF792C /* GoogleService-Info.plist */,
			);
			path = NuveiCashierCardScannerExample;
			sourceTree = "<group>";
		};
		85BE966BC2E13C115E8875BF /* Pods */ = {
			isa = PBXGroup;
			children = (
				5AE0B5D1824B6D072F840F68 /* Pods-NuveiCashierCardScannerExample.debug.xcconfig */,
				11E0012633965256FF626B0E /* Pods-NuveiCashierCardScannerExample.release.xcconfig */,
			);
			path = Pods;
			sourceTree = "<group>";
		};
/* End PBXGroup section */

/* Begin PBXNativeTarget section */
		718D7DDA2515EF1C00A838F5 /* NuveiCashierCardScannerExample */ = {
			isa = PBXNativeTarget;
			buildConfigurationList = 718D7DEF2515EF1F00A838F5 /* Build configuration list for PBXNativeTarget "NuveiCashierCardScannerExample" */;
			buildPhases = (
				E103989051E207030704E180 /* [CP] Check Pods Manifest.lock */,
				718D7DD72515EF1C00A838F5 /* Sources */,
				718D7DD82515EF1C00A838F5 /* Frameworks */,
				718D7DD92515EF1C00A838F5 /* Resources */,
				BEAADA676CABE1D9CA303136 /* [CP] Embed Pods Frameworks */,
			);
			buildRules = (
			);
			dependencies = (
			);
			name = NuveiCashierCardScannerExample;
			productName = NuveiCashierCardScannerExample;
			productReference = 718D7DDB2515EF1C00A838F5 /* NuveiCashierCardScannerExample.app */;
			productType = "com.apple.product-type.application";
		};
/* End PBXNativeTarget section */

/* Begin PBXProject section */
		718D7DD32515EF1C00A838F5 /* Project object */ = {
			isa = PBXProject;
			attributes = {
				LastSwiftUpdateCheck = 1160;
				LastUpgradeCheck = 1240;
				ORGANIZATIONNAME = Nuvei;
				TargetAttributes = {
					718D7DDA2515EF1C00A838F5 = {
						CreatedOnToolsVersion = 11.6;
					};
				};
			};
			buildConfigurationList = 718D7DD62515EF1C00A838F5 /* Build configuration list for PBXProject "NuveiCashierCardScannerExample" */;
			compatibilityVersion = "Xcode 9.3";
			developmentRegion = en;
			hasScannedForEncodings = 0;
			knownRegions = (
				en,
				Base,
			);
			mainGroup = 718D7DD22515EF1C00A838F5;
			productRefGroup = 718D7DDC2515EF1C00A838F5 /* Products */;
			projectDirPath = "";
			projectRoot = "";
			targets = (
				718D7DDA2515EF1C00A838F5 /* NuveiCashierCardScannerExample */,
			);
		};
/* End PBXProject section */

/* Begin PBXResourcesBuildPhase section */
		718D7DD92515EF1C00A838F5 /* Resources */ = {
			isa = PBXResourcesBuildPhase;
			buildActionMask = 2147483647;
			files = (
				718D7DEB2515EF1F00A838F5 /* LaunchScreen.storyboard in Resources */,
				F5FF94092529FDC700AF792C /* GoogleService-Info.plist in Resources */,
				718D7DE52515EF1F00A838F5 /* Assets.xcassets in Resources */,
				F54579DA2526388600F2FC0C /* Main.storyboard in Resources */,
			);
			runOnlyForDeploymentPostprocessing = 0;
		};
/* End PBXResourcesBuildPhase section */

/* Begin PBXShellScriptBuildPhase section */
		BEAADA676CABE1D9CA303136 /* [CP] Embed Pods Frameworks */ = {
			isa = PBXShellScriptBuildPhase;
			buildActionMask = 2147483647;
			files = (
			);
			inputFileListPaths = (
				"${PODS_ROOT}/Target Support Files/Pods-NuveiCashierCardScannerExample/Pods-NuveiCashierCardScannerExample-frameworks-${CONFIGURATION}-input-files.xcfilelist",
			);
			name = "[CP] Embed Pods Frameworks";
			outputFileListPaths = (
				"${PODS_ROOT}/Target Support Files/Pods-NuveiCashierCardScannerExample/Pods-NuveiCashierCardScannerExample-frameworks-${CONFIGURATION}-output-files.xcfilelist",
			);
			runOnlyForDeploymentPostprocessing = 0;
			shellPath = /bin/sh;
			shellScript = "\"${PODS_ROOT}/Target Support Files/Pods-NuveiCashierCardScannerExample/Pods-NuveiCashierCardScannerExample-frameworks.sh\"\n";
			showEnvVarsInLog = 0;
		};
		E103989051E207030704E180 /* [CP] Check Pods Manifest.lock */ = {
			isa = PBXShellScriptBuildPhase;
			buildActionMask = 2147483647;
			files = (
			);
			inputFileListPaths = (
			);
			inputPaths = (
				"${PODS_PODFILE_DIR_PATH}/Podfile.lock",
				"${PODS_ROOT}/Manifest.lock",
			);
			name = "[CP] Check Pods Manifest.lock";
			outputFileListPaths = (
			);
			outputPaths = (
				"$(DERIVED_FILE_DIR)/Pods-NuveiCashierCardScannerExample-checkManifestLockResult.txt",
			);
			runOnlyForDeploymentPostprocessing = 0;
			shellPath = /bin/sh;
			shellScript = "diff \"${PODS_PODFILE_DIR_PATH}/Podfile.lock\" \"${PODS_ROOT}/Manifest.lock\" > /dev/null\nif [ $? != 0 ] ; then\n    # print error to STDERR\n    echo \"error: The sandbox is not in sync with the Podfile.lock. Run 'pod install' or update your CocoaPods installation.\" >&2\n    exit 1\nfi\n# This output is used by Xcode 'outputs' to avoid re-running this script phase.\necho \"SUCCESS\" > \"${SCRIPT_OUTPUT_FILE_0}\"\n";
			showEnvVarsInLog = 0;
		};
/* End PBXShellScriptBuildPhase section */

/* Begin PBXSourcesBuildPhase section */
		718D7DD72515EF1C00A838F5 /* Sources */ = {
			isa = PBXSourcesBuildPhase;
			buildActionMask = 2147483647;
			files = (
				F54579DE252638A300F2FC0C /* ViewController.swift in Sources */,
				F54579DF252638A300F2FC0C /* WebViewController.swift in Sources */,
				718D7DDF2515EF1C00A838F5 /* AppDelegate.swift in Sources */,
			);
			runOnlyForDeploymentPostprocessing = 0;
		};
/* End PBXSourcesBuildPhase section */

/* Begin PBXVariantGroup section */
		718D7DE92515EF1F00A838F5 /* LaunchScreen.storyboard */ = {
			isa = PBXVariantGroup;
			children = (
				718D7DEA2515EF1F00A838F5 /* Base */,
			);
			name = LaunchScreen.storyboard;
			sourceTree = "<group>";
		};
/* End PBXVariantGroup section */

/* Begin XCBuildConfiguration section */
		718D7DED2515EF1F00A838F5 /* Debug */ = {
			isa = XCBuildConfiguration;
			buildSettings = {
				ALWAYS_SEARCH_USER_PATHS = NO;
				CLANG_ANALYZER_NONNULL = YES;
				CLANG_ANALYZER_NUMBER_OBJECT_CONVERSION = YES_AGGRESSIVE;
				CLANG_CXX_LANGUAGE_STANDARD = "gnu++14";
				CLANG_CXX_LIBRARY = "libc++";
				CLANG_ENABLE_MODULES = YES;
				CLANG_ENABLE_OBJC_ARC = YES;
				CLANG_ENABLE_OBJC_WEAK = YES;
				CLANG_WARN_BLOCK_CAPTURE_AUTORELEASING = YES;
				CLANG_WARN_BOOL_CONVERSION = YES;
				CLANG_WARN_COMMA = YES;
				CLANG_WARN_CONSTANT_CONVERSION = YES;
				CLANG_WARN_DEPRECATED_OBJC_IMPLEMENTATIONS = YES;
				CLANG_WARN_DIRECT_OBJC_ISA_USAGE = YES_ERROR;
				CLANG_WARN_DOCUMENTATION_COMMENTS = YES;
				CLANG_WARN_EMPTY_BODY = YES;
				CLANG_WARN_ENUM_CONVERSION = YES;
				CLANG_WARN_INFINITE_RECURSION = YES;
				CLANG_WARN_INT_CONVERSION = YES;
				CLANG_WARN_NON_LITERAL_NULL_CONVERSION = YES;
				CLANG_WARN_OBJC_IMPLICIT_RETAIN_SELF = YES;
				CLANG_WARN_OBJC_LITERAL_CONVERSION = YES;
				CLANG_WARN_OBJC_ROOT_CLASS = YES_ERROR;
				CLANG_WARN_QUOTED_INCLUDE_IN_FRAMEWORK_HEADER = YES;
				CLANG_WARN_RANGE_LOOP_ANALYSIS = YES;
				CLANG_WARN_STRICT_PROTOTYPES = YES;
				CLANG_WARN_SUSPICIOUS_MOVE = YES;
				CLANG_WARN_UNGUARDED_AVAILABILITY = YES_AGGRESSIVE;
				CLANG_WARN_UNREACHABLE_CODE = YES;
				CLANG_WARN__DUPLICATE_METHOD_MATCH = YES;
				COPY_PHASE_STRIP = NO;
				DEBUG_INFORMATION_FORMAT = dwarf;
				ENABLE_STRICT_OBJC_MSGSEND = YES;
				ENABLE_TESTABILITY = YES;
				GCC_C_LANGUAGE_STANDARD = gnu11;
				GCC_DYNAMIC_NO_PIC = NO;
				GCC_NO_COMMON_BLOCKS = YES;
				GCC_OPTIMIZATION_LEVEL = 0;
				GCC_PREPROCESSOR_DEFINITIONS = (
					"DEBUG=1",
					"$(inherited)",
				);
				GCC_WARN_64_TO_32_BIT_CONVERSION = YES;
				GCC_WARN_ABOUT_RETURN_TYPE = YES_ERROR;
				GCC_WARN_UNDECLARED_SELECTOR = YES;
				GCC_WARN_UNINITIALIZED_AUTOS = YES_AGGRESSIVE;
				GCC_WARN_UNUSED_FUNCTION = YES;
				GCC_WARN_UNUSED_VARIABLE = YES;
				IPHONEOS_DEPLOYMENT_TARGET = 10.0;
				MTL_ENABLE_DEBUG_INFO = INCLUDE_SOURCE;
				MTL_FAST_MATH = YES;
				ONLY_ACTIVE_ARCH = YES;
				SDKROOT = iphoneos;
				SWIFT_ACTIVE_COMPILATION_CONDITIONS = DEBUG;
				SWIFT_OPTIMIZATION_LEVEL = "-Onone";
			};
			name = Debug;
		};
		718D7DEE2515EF1F00A838F5 /* Release */ = {
			isa = XCBuildConfiguration;
			buildSettings = {
				ALWAYS_SEARCH_USER_PATHS = NO;
				CLANG_ANALYZER_NONNULL = YES;
				CLANG_ANALYZER_NUMBER_OBJECT_CONVERSION = YES_AGGRESSIVE;
				CLANG_CXX_LANGUAGE_STANDARD = "gnu++14";
				CLANG_CXX_LIBRARY = "libc++";
				CLANG_ENABLE_MODULES = YES;
				CLANG_ENABLE_OBJC_ARC = YES;
				CLANG_ENABLE_OBJC_WEAK = YES;
				CLANG_WARN_BLOCK_CAPTURE_AUTORELEASING = YES;
				CLANG_WARN_BOOL_CONVERSION = YES;
				CLANG_WARN_COMMA = YES;
				CLANG_WARN_CONSTANT_CONVERSION = YES;
				CLANG_WARN_DEPRECATED_OBJC_IMPLEMENTATIONS = YES;
				CLANG_WARN_DIRECT_OBJC_ISA_USAGE = YES_ERROR;
				CLANG_WARN_DOCUMENTATION_COMMENTS = YES;
				CLANG_WARN_EMPTY_BODY = YES;
				CLANG_WARN_ENUM_CONVERSION = YES;
				CLANG_WARN_INFINITE_RECURSION = YES;
				CLANG_WARN_INT_CONVERSION = YES;
				CLANG_WARN_NON_LITERAL_NULL_CONVERSION = YES;
				CLANG_WARN_OBJC_IMPLICIT_RETAIN_SELF = YES;
				CLANG_WARN_OBJC_LITERAL_CONVERSION = YES;
				CLANG_WARN_OBJC_ROOT_CLASS = YES_ERROR;
				CLANG_WARN_QUOTED_INCLUDE_IN_FRAMEWORK_HEADER = YES;
				CLANG_WARN_RANGE_LOOP_ANALYSIS = YES;
				CLANG_WARN_STRICT_PROTOTYPES = YES;
				CLANG_WARN_SUSPICIOUS_MOVE = YES;
				CLANG_WARN_UNGUARDED_AVAILABILITY = YES_AGGRESSIVE;
				CLANG_WARN_UNREACHABLE_CODE = YES;
				CLANG_WARN__DUPLICATE_METHOD_MATCH = YES;
				COPY_PHASE_STRIP = NO;
				DEBUG_INFORMATION_FORMAT = "dwarf-with-dsym";
				ENABLE_NS_ASSERTIONS = NO;
				ENABLE_STRICT_OBJC_MSGSEND = YES;
				GCC_C_LANGUAGE_STANDARD = gnu11;
				GCC_NO_COMMON_BLOCKS = YES;
				GCC_WARN_64_TO_32_BIT_CONVERSION = YES;
				GCC_WARN_ABOUT_RETURN_TYPE = YES_ERROR;
				GCC_WARN_UNDECLARED_SELECTOR = YES;
				GCC_WARN_UNINITIALIZED_AUTOS = YES_AGGRESSIVE;
				GCC_WARN_UNUSED_FUNCTION = YES;
				GCC_WARN_UNUSED_VARIABLE = YES;
				IPHONEOS_DEPLOYMENT_TARGET = 10.0;
				MTL_ENABLE_DEBUG_INFO = NO;
				MTL_FAST_MATH = YES;
				SDKROOT = iphoneos;
				SWIFT_COMPILATION_MODE = wholemodule;
				SWIFT_OPTIMIZATION_LEVEL = "-O";
				VALIDATE_PRODUCT = YES;
			};
			name = Release;
		};
		718D7DF02515EF1F00A838F5 /* Debug */ = {
			isa = XCBuildConfiguration;
			baseConfigurationReference = 5AE0B5D1824B6D072F840F68 /* Pods-NuveiCashierCardScannerExample.debug.xcconfig */;
			buildSettings = {
				ASSETCATALOG_COMPILER_APPICON_NAME = AppIcon;
				CODE_SIGN_IDENTITY = "Apple Development";
				CODE_SIGN_STYLE = Automatic;
				CURRENT_PROJECT_VERSION = 6;
				DEVELOPMENT_TEAM = RZV7M6PKU4;
				ENABLE_PREVIEWS = YES;
				INFOPLIST_FILE = NuveiCashierCardScannerExample/Info.plist;
				LD_RUNPATH_SEARCH_PATHS = (
					"$(inherited)",
					"@executable_path/Frameworks",
				);
				PRODUCT_BUNDLE_IDENTIFIER = "com.nuvei.CashierCardScanner-Example";
				PRODUCT_NAME = "$(TARGET_NAME)";
				PROVISIONING_PROFILE_SPECIFIER = "";
				SWIFT_VERSION = 5.0;
				TARGETED_DEVICE_FAMILY = 1;
			};
			name = Debug;
		};
		718D7DF12515EF1F00A838F5 /* Release */ = {
			isa = XCBuildConfiguration;
			baseConfigurationReference = 11E0012633965256FF626B0E /* Pods-NuveiCashierCardScannerExample.release.xcconfig */;
			buildSettings = {
				ASSETCATALOG_COMPILER_APPICON_NAME = AppIcon;
				CODE_SIGN_IDENTITY = "Apple Development";
				CODE_SIGN_STYLE = Automatic;
				CURRENT_PROJECT_VERSION = 6;
				DEVELOPMENT_TEAM = JH599NUVB6;
				ENABLE_PREVIEWS = YES;
				INFOPLIST_FILE = NuveiCashierCardScannerExample/Info.plist;
				LD_RUNPATH_SEARCH_PATHS = (
					"$(inherited)",
					"@executable_path/Frameworks",
				);
				PRODUCT_BUNDLE_IDENTIFIER = "com.nuvei.CashierCardScanner-Example";
				PRODUCT_NAME = "$(TARGET_NAME)";
				PROVISIONING_PROFILE_SPECIFIER = "";
				SWIFT_VERSION = 5.0;
				TARGETED_DEVICE_FAMILY = 1;
			};
			name = Release;
		};
/* End XCBuildConfiguration section */

/* Begin XCConfigurationList section */
		718D7DD62515EF1C00A838F5 /* Build configuration list for PBXProject "NuveiCashierCardScannerExample" */ = {
			isa = XCConfigurationList;
			buildConfigurations = (
				718D7DED2515EF1F00A838F5 /* Debug */,
				718D7DEE2515EF1F00A838F5 /* Release */,
			);
			defaultConfigurationIsVisible = 0;
			defaultConfigurationName = Release;
		};
		718D7DEF2515EF1F00A838F5 /* Build configuration list for PBXNativeTarget "NuveiCashierCardScannerExample" */ = {
			isa = XCConfigurationList;
			buildConfigurations = (
				718D7DF02515EF1F00A838F5 /* Debug */,
				718D7DF12515EF1F00A838F5 /* Release */,
			);
			defaultConfigurationIsVisible = 0;
			defaultConfigurationName = Release;
		};
/* End XCConfigurationList section */
	};
	rootObject = 718D7DD32515EF1C00A838F5 /* Project object */;
}
